
Microsoft Visual Studio Solution File, Format Version 12.00
# Visual Studio 15
VisualStudioVersion = 15.0.28010.2036
MinimumVisualStudioVersion = 10.0.40219.1
Project("{FAE04EC0-301F-11D3-BF4B-00C04F79EFBC}") = "Movies.Android", "Movies\Movies.Android\Movies.Android.csproj", "{BB12C046-96E1-4AF0-8AF4-DD8DDD6BD8F1}"
EndProject
Project("{FAE04EC0-301F-11D3-BF4B-00C04F79EFBC}") = "Movies.iOS", "Movies\Movies.iOS\Movies.iOS.csproj", "{245EB1BB-6029-442E-8459-273138744D4C}"
EndProject
Project("{FAE04EC0-301F-11D3-BF4B-00C04F79EFBC}") = "Movies.UWP", "Movies\Movies.UWP\Movies.UWP.csproj", "{20107C08-4902-4787-992F-74A5967B15D4}"
EndProject
Project("{FAE04EC0-301F-11D3-BF4B-00C04F79EFBC}") = "Movies", "Movies\Movies\Movies.csproj", "{D5575BE7-13D2-4270-A1D1-8A331160F549}"
EndProject
Global
	GlobalSection(SolutionConfigurationPlatforms) = preSolution
		Ad-Hoc|Any CPU = Ad-Hoc|Any CPU
		Ad-Hoc|ARM = Ad-Hoc|ARM
		Ad-Hoc|iPhone = Ad-Hoc|iPhone
		Ad-Hoc|iPhoneSimulator = Ad-Hoc|iPhoneSimulator
		Ad-Hoc|x64 = Ad-Hoc|x64
		Ad-Hoc|x86 = Ad-Hoc|x86
		AppStore|Any CPU = AppStore|Any CPU
		AppStore|ARM = AppStore|ARM
		AppStore|iPhone = AppStore|iPhone
		AppStore|iPhoneSimulator = AppStore|iPhoneSimulator
		AppStore|x64 = AppStore|x64
		AppStore|x86 = AppStore|x86
		Debug|Any CPU = Debug|Any CPU
		Debug|ARM = Debug|ARM
		Debug|iPhone = Debug|iPhone
		Debug|iPhoneSimulator = Debug|iPhoneSimulator
		Debug|x64 = Debug|x64
		Debug|x86 = Debug|x86
		Release|Any CPU = Release|Any CPU
		Release|ARM = Release|ARM
		Release|iPhone = Release|iPhone
		Release|iPhoneSimulator = Release|iPhoneSimulator
		Release|x64 = Release|x64
		Release|x86 = Release|x86
	EndGlobalSection
	GlobalSection(ProjectConfigurationPlatforms) = postSolution
		{BB12C046-96E1-4AF0-8AF4-DD8DDD6BD8F1}.Ad-Hoc|Any CPU.ActiveCfg = Release|Any CPU
		{BB12C046-96E1-4AF0-8AF4-DD8DDD6BD8F1}.Ad-Hoc|Any CPU.Build.0 = Release|Any CPU
		{BB12C046-96E1-4AF0-8AF4-DD8DDD6BD8F1}.Ad-Hoc|Any CPU.Deploy.0 = Release|Any CPU
		{BB12C046-96E1-4AF0-8AF4-DD8DDD6BD8F1}.Ad-Hoc|ARM.ActiveCfg = Release|Any CPU
		{BB12C046-96E1-4AF0-8AF4-DD8DDD6BD8F1}.Ad-Hoc|ARM.Build.0 = Release|Any CPU
		{BB12C046-96E1-4AF0-8AF4-DD8DDD6BD8F1}.Ad-Hoc|ARM.Deploy.0 = Release|Any CPU
		{BB12C046-96E1-4AF0-8AF4-DD8DDD6BD8F1}.Ad-Hoc|iPhone.ActiveCfg = Release|Any CPU
		{BB12C046-96E1-4AF0-8AF4-DD8DDD6BD8F1}.Ad-Hoc|iPhone.Build.0 = Release|Any CPU
		{BB12C046-96E1-4AF0-8AF4-DD8DDD6BD8F1}.Ad-Hoc|iPhone.Deploy.0 = Release|Any CPU
		{BB12C046-96E1-4AF0-8AF4-DD8DDD6BD8F1}.Ad-Hoc|iPhoneSimulator.ActiveCfg = Release|Any CPU
		{BB12C046-96E1-4AF0-8AF4-DD8DDD6BD8F1}.Ad-Hoc|iPhoneSimulator.Build.0 = Release|Any CPU
		{BB12C046-96E1-4AF0-8AF4-DD8DDD6BD8F1}.Ad-Hoc|iPhoneSimulator.Deploy.0 = Release|Any CPU
		{BB12C046-96E1-4AF0-8AF4-DD8DDD6BD8F1}.Ad-Hoc|x64.ActiveCfg = Release|Any CPU
		{BB12C046-96E1-4AF0-8AF4-DD8DDD6BD8F1}.Ad-Hoc|x64.Build.0 = Release|Any CPU
		{BB12C046-96E1-4AF0-8AF4-DD8DDD6BD8F1}.Ad-Hoc|x64.Deploy.0 = Release|Any CPU
		{BB12C046-96E1-4AF0-8AF4-DD8DDD6BD8F1}.Ad-Hoc|x86.ActiveCfg = Release|Any CPU
		{BB12C046-96E1-4AF0-8AF4-DD8DDD6BD8F1}.Ad-Hoc|x86.Build.0 = Release|Any CPU
		{BB12C046-96E1-4AF0-8AF4-DD8DDD6BD8F1}.Ad-Hoc|x86.Deploy.0 = Release|Any CPU
		{BB12C046-96E1-4AF0-8AF4-DD8DDD6BD8F1}.AppStore|Any CPU.ActiveCfg = Release|Any CPU
		{BB12C046-96E1-4AF0-8AF4-DD8DDD6BD8F1}.AppStore|Any CPU.Build.0 = Release|Any CPU
		{BB12C046-96E1-4AF0-8AF4-DD8DDD6BD8F1}.AppStore|Any CPU.Deploy.0 = Release|Any CPU
		{BB12C046-96E1-4AF0-8AF4-DD8DDD6BD8F1}.AppStore|ARM.ActiveCfg = Release|Any CPU
		{BB12C046-96E1-4AF0-8AF4-DD8DDD6BD8F1}.AppStore|ARM.Build.0 = Release|Any CPU
		{BB12C046-96E1-4AF0-8AF4-DD8DDD6BD8F1}.AppStore|ARM.Deploy.0 = Release|Any CPU
		{BB12C046-96E1-4AF0-8AF4-DD8DDD6BD8F1}.AppStore|iPhone.ActiveCfg = Release|Any CPU
		{BB12C046-96E1-4AF0-8AF4-DD8DDD6BD8F1}.AppStore|iPhone.Build.0 = Release|Any CPU
		{BB12C046-96E1-4AF0-8AF4-DD8DDD6BD8F1}.AppStore|iPhone.Deploy.0 = Release|Any CPU
		{BB12C046-96E1-4AF0-8AF4-DD8DDD6BD8F1}.AppStore|iPhoneSimulator.ActiveCfg = Release|Any CPU
		{BB12C046-96E1-4AF0-8AF4-DD8DDD6BD8F1}.AppStore|iPhoneSimulator.Build.0 = Release|Any CPU
		{BB12C046-96E1-4AF0-8AF4-DD8DDD6BD8F1}.AppStore|iPhoneSimulator.Deploy.0 = Release|Any CPU
		{BB12C046-96E1-4AF0-8AF4-DD8DDD6BD8F1}.AppStore|x64.ActiveCfg = Release|Any CPU
		{BB12C046-96E1-4AF0-8AF4-DD8DDD6BD8F1}.AppStore|x64.Build.0 = Release|Any CPU
		{BB12C046-96E1-4AF0-8AF4-DD8DDD6BD8F1}.AppStore|x64.Deploy.0 = Release|Any CPU
		{BB12C046-96E1-4AF0-8AF4-DD8DDD6BD8F1}.AppStore|x86.ActiveCfg = Release|Any CPU
		{BB12C046-96E1-4AF0-8AF4-DD8DDD6BD8F1}.AppStore|x86.Build.0 = Release|Any CPU
		{BB12C046-96E1-4AF0-8AF4-DD8DDD6BD8F1}.AppStore|x86.Deploy.0 = Release|Any CPU
		{BB12C046-96E1-4AF0-8AF4-DD8DDD6BD8F1}.Debug|Any CPU.ActiveCfg = Debug|Any CPU
		{BB12C046-96E1-4AF0-8AF4-DD8DDD6BD8F1}.Debug|Any CPU.Build.0 = Debug|Any CPU
		{BB12C046-96E1-4AF0-8AF4-DD8DDD6BD8F1}.Debug|Any CPU.Deploy.0 = Debug|Any CPU
		{BB12C046-96E1-4AF0-8AF4-DD8DDD6BD8F1}.Debug|ARM.ActiveCfg = Debug|Any CPU
		{BB12C046-96E1-4AF0-8AF4-DD8DDD6BD8F1}.Debug|ARM.Build.0 = Debug|Any CPU
		{BB12C046-96E1-4AF0-8AF4-DD8DDD6BD8F1}.Debug|ARM.Deploy.0 = Debug|Any CPU
		{BB12C046-96E1-4AF0-8AF4-DD8DDD6BD8F1}.Debug|iPhone.ActiveCfg = Debug|Any CPU
		{BB12C046-96E1-4AF0-8AF4-DD8DDD6BD8F1}.Debug|iPhone.Build.0 = Debug|Any CPU
		{BB12C046-96E1-4AF0-8AF4-DD8DDD6BD8F1}.Debug|iPhone.Deploy.0 = Debug|Any CPU
		{BB12C046-96E1-4AF0-8AF4-DD8DDD6BD8F1}.Debug|iPhoneSimulator.ActiveCfg = Debug|Any CPU
		{BB12C046-96E1-4AF0-8AF4-DD8DDD6BD8F1}.Debug|iPhoneSimulator.Build.0 = Debug|Any CPU
		{BB12C046-96E1-4AF0-8AF4-DD8DDD6BD8F1}.Debug|iPhoneSimulator.Deploy.0 = Debug|Any CPU
		{BB12C046-96E1-4AF0-8AF4-DD8DDD6BD8F1}.Debug|x64.ActiveCfg = Debug|Any CPU
		{BB12C046-96E1-4AF0-8AF4-DD8DDD6BD8F1}.Debug|x64.Build.0 = Debug|Any CPU
		{BB12C046-96E1-4AF0-8AF4-DD8DDD6BD8F1}.Debug|x64.Deploy.0 = Debug|Any CPU
		{BB12C046-96E1-4AF0-8AF4-DD8DDD6BD8F1}.Debug|x86.ActiveCfg = Debug|Any CPU
		{BB12C046-96E1-4AF0-8AF4-DD8DDD6BD8F1}.Debug|x86.Build.0 = Debug|Any CPU
		{BB12C046-96E1-4AF0-8AF4-DD8DDD6BD8F1}.Debug|x86.Deploy.0 = Debug|Any CPU
		{BB12C046-96E1-4AF0-8AF4-DD8DDD6BD8F1}.Release|Any CPU.ActiveCfg = Release|Any CPU
		{BB12C046-96E1-4AF0-8AF4-DD8DDD6BD8F1}.Release|Any CPU.Build.0 = Release|Any CPU
		{BB12C046-96E1-4AF0-8AF4-DD8DDD6BD8F1}.Release|Any CPU.Deploy.0 = Release|Any CPU
		{BB12C046-96E1-4AF0-8AF4-DD8DDD6BD8F1}.Release|ARM.ActiveCfg = Release|Any CPU
		{BB12C046-96E1-4AF0-8AF4-DD8DDD6BD8F1}.Release|ARM.Build.0 = Release|Any CPU
		{BB12C046-96E1-4AF0-8AF4-DD8DDD6BD8F1}.Release|ARM.Deploy.0 = Release|Any CPU
		{BB12C046-96E1-4AF0-8AF4-DD8DDD6BD8F1}.Release|iPhone.ActiveCfg = Release|Any CPU
		{BB12C046-96E1-4AF0-8AF4-DD8DDD6BD8F1}.Release|iPhone.Build.0 = Release|Any CPU
		{BB12C046-96E1-4AF0-8AF4-DD8DDD6BD8F1}.Release|iPhone.Deploy.0 = Release|Any CPU
		{BB12C046-96E1-4AF0-8AF4-DD8DDD6BD8F1}.Release|iPhoneSimulator.ActiveCfg = Release|Any CPU
		{BB12C046-96E1-4AF0-8AF4-DD8DDD6BD8F1}.Release|iPhoneSimulator.Build.0 = Release|Any CPU
		{BB12C046-96E1-4AF0-8AF4-DD8DDD6BD8F1}.Release|iPhoneSimulator.Deploy.0 = Release|Any CPU
		{BB12C046-96E1-4AF0-8AF4-DD8DDD6BD8F1}.Release|x64.ActiveCfg = Release|Any CPU
		{BB12C046-96E1-4AF0-8AF4-DD8DDD6BD8F1}.Release|x64.Build.0 = Release|Any CPU
		{BB12C046-96E1-4AF0-8AF4-DD8DDD6BD8F1}.Release|x64.Deploy.0 = Release|Any CPU
		{BB12C046-96E1-4AF0-8AF4-DD8DDD6BD8F1}.Release|x86.ActiveCfg = Release|Any CPU
		{BB12C046-96E1-4AF0-8AF4-DD8DDD6BD8F1}.Release|x86.Build.0 = Release|Any CPU
		{BB12C046-96E1-4AF0-8AF4-DD8DDD6BD8F1}.Release|x86.Deploy.0 = Release|Any CPU
		{245EB1BB-6029-442E-8459-273138744D4C}.Ad-Hoc|Any CPU.ActiveCfg = Ad-Hoc|iPhone
		{245EB1BB-6029-442E-8459-273138744D4C}.Ad-Hoc|Any CPU.Build.0 = Ad-Hoc|iPhone
		{245EB1BB-6029-442E-8459-273138744D4C}.Ad-Hoc|Any CPU.Deploy.0 = Ad-Hoc|iPhone
		{245EB1BB-6029-442E-8459-273138744D4C}.Ad-Hoc|ARM.ActiveCfg = Ad-Hoc|iPhone
		{245EB1BB-6029-442E-8459-273138744D4C}.Ad-Hoc|ARM.Build.0 = Ad-Hoc|iPhone
		{245EB1BB-6029-442E-8459-273138744D4C}.Ad-Hoc|ARM.Deploy.0 = Ad-Hoc|iPhone
		{245EB1BB-6029-442E-8459-273138744D4C}.Ad-Hoc|iPhone.ActiveCfg = Ad-Hoc|iPhone
		{245EB1BB-6029-442E-8459-273138744D4C}.Ad-Hoc|iPhone.Build.0 = Ad-Hoc|iPhone
		{245EB1BB-6029-442E-8459-273138744D4C}.Ad-Hoc|iPhone.Deploy.0 = Ad-Hoc|iPhone
		{245EB1BB-6029-442E-8459-273138744D4C}.Ad-Hoc|iPhoneSimulator.ActiveCfg = Ad-Hoc|iPhoneSimulator
		{245EB1BB-6029-442E-8459-273138744D4C}.Ad-Hoc|iPhoneSimulator.Build.0 = Ad-Hoc|iPhoneSimulator
		{245EB1BB-6029-442E-8459-273138744D4C}.Ad-Hoc|iPhoneSimulator.Deploy.0 = Ad-Hoc|iPhoneSimulator
		{245EB1BB-6029-442E-8459-273138744D4C}.Ad-Hoc|x64.ActiveCfg = Ad-Hoc|iPhone
		{245EB1BB-6029-442E-8459-273138744D4C}.Ad-Hoc|x64.Build.0 = Ad-Hoc|iPhone
		{245EB1BB-6029-442E-8459-273138744D4C}.Ad-Hoc|x64.Deploy.0 = Ad-Hoc|iPhone
		{245EB1BB-6029-442E-8459-273138744D4C}.Ad-Hoc|x86.ActiveCfg = Ad-Hoc|iPhone
		{245EB1BB-6029-442E-8459-273138744D4C}.Ad-Hoc|x86.Build.0 = Ad-Hoc|iPhone
		{245EB1BB-6029-442E-8459-273138744D4C}.Ad-Hoc|x86.Deploy.0 = Ad-Hoc|iPhone
		{245EB1BB-6029-442E-8459-273138744D4C}.AppStore|Any CPU.ActiveCfg = AppStore|iPhone
		{245EB1BB-6029-442E-8459-273138744D4C}.AppStore|Any CPU.Build.0 = AppStore|iPhone
		{245EB1BB-6029-442E-8459-273138744D4C}.AppStore|Any CPU.Deploy.0 = AppStore|iPhone
		{245EB1BB-6029-442E-8459-273138744D4C}.AppStore|ARM.ActiveCfg = AppStore|iPhone
		{245EB1BB-6029-442E-8459-273138744D4C}.AppStore|ARM.Build.0 = AppStore|iPhone
		{245EB1BB-6029-442E-8459-273138744D4C}.AppStore|ARM.Deploy.0 = AppStore|iPhone
		{245EB1BB-6029-442E-8459-273138744D4C}.AppStore|iPhone.ActiveCfg = AppStore|iPhone
		{245EB1BB-6029-442E-8459-273138744D4C}.AppStore|iPhone.Build.0 = AppStore|iPhone
		{245EB1BB-6029-442E-8459-273138744D4C}.AppStore|iPhone.Deploy.0 = AppStore|iPhone
		{245EB1BB-6029-442E-8459-273138744D4C}.AppStore|iPhoneSimulator.ActiveCfg = AppStore|iPhoneSimulator
		{245EB1BB-6029-442E-8459-273138744D4C}.AppStore|iPhoneSimulator.Build.0 = AppStore|iPhoneSimulator
		{245EB1BB-6029-442E-8459-273138744D4C}.AppStore|iPhoneSimulator.Deploy.0 = AppStore|iPhoneSimulator
		{245EB1BB-6029-442E-8459-273138744D4C}.AppStore|x64.ActiveCfg = AppStore|iPhone
		{245EB1BB-6029-442E-8459-273138744D4C}.AppStore|x64.Build.0 = AppStore|iPhone
		{245EB1BB-6029-442E-8459-273138744D4C}.AppStore|x64.Deploy.0 = AppStore|iPhone
		{245EB1BB-6029-442E-8459-273138744D4C}.AppStore|x86.ActiveCfg = AppStore|iPhone
		{245EB1BB-6029-442E-8459-273138744D4C}.AppStore|x86.Build.0 = AppStore|iPhone
		{245EB1BB-6029-442E-8459-273138744D4C}.AppStore|x86.Deploy.0 = AppStore|iPhone
		{245EB1BB-6029-442E-8459-273138744D4C}.Debug|Any CPU.ActiveCfg = Debug|iPhoneSimulator
		{245EB1BB-6029-442E-8459-273138744D4C}.Debug|Any CPU.Build.0 = Debug|iPhoneSimulator
		{245EB1BB-6029-442E-8459-273138744D4C}.Debug|Any CPU.Deploy.0 = Debug|iPhoneSimulator
		{245EB1BB-6029-442E-8459-273138744D4C}.Debug|ARM.ActiveCfg = Debug|iPhone
		{245EB1BB-6029-442E-8459-273138744D4C}.Debug|ARM.Build.0 = Debug|iPhone
		{245EB1BB-6029-442E-8459-273138744D4C}.Debug|ARM.Deploy.0 = Debug|iPhone
		{245EB1BB-6029-442E-8459-273138744D4C}.Debug|iPhone.ActiveCfg = Debug|iPhone
		{245EB1BB-6029-442E-8459-273138744D4C}.Debug|iPhone.Build.0 = Debug|iPhone
		{245EB1BB-6029-442E-8459-273138744D4C}.Debug|iPhone.Deploy.0 = Debug|iPhone
		{245EB1BB-6029-442E-8459-273138744D4C}.Debug|iPhoneSimulator.ActiveCfg = Debug|iPhoneSimulator
		{245EB1BB-6029-442E-8459-273138744D4C}.Debug|iPhoneSimulator.Build.0 = Debug|iPhoneSimulator
		{245EB1BB-6029-442E-8459-273138744D4C}.Debug|iPhoneSimulator.Deploy.0 = Debug|iPhoneSimulator
		{245EB1BB-6029-442E-8459-273138744D4C}.Debug|x64.ActiveCfg = Debug|iPhone
		{245EB1BB-6029-442E-8459-273138744D4C}.Debug|x64.Build.0 = Debug|iPhone
		{245EB1BB-6029-442E-8459-273138744D4C}.Debug|x64.Deploy.0 = Debug|iPhone
		{245EB1BB-6029-442E-8459-273138744D4C}.Debug|x86.ActiveCfg = Debug|iPhone
		{245EB1BB-6029-442E-8459-273138744D4C}.Debug|x86.Build.0 = Debug|iPhone
		{245EB1BB-6029-442E-8459-273138744D4C}.Debug|x86.Deploy.0 = Debug|iPhone
		{245EB1BB-6029-442E-8459-273138744D4C}.Release|Any CPU.ActiveCfg = Release|iPhone
		{245EB1BB-6029-442E-8459-273138744D4C}.Release|Any CPU.Build.0 = Release|iPhone
		{245EB1BB-6029-442E-8459-273138744D4C}.Release|Any CPU.Deploy.0 = Release|iPhone
		{245EB1BB-6029-442E-8459-273138744D4C}.Release|ARM.ActiveCfg = Release|iPhone
		{245EB1BB-6029-442E-8459-273138744D4C}.Release|ARM.Build.0 = Release|iPhone
		{245EB1BB-6029-442E-8459-273138744D4C}.Release|ARM.Deploy.0 = Release|iPhone
		{245EB1BB-6029-442E-8459-273138744D4C}.Release|iPhone.ActiveCfg = Release|iPhone
		{245EB1BB-6029-442E-8459-273138744D4C}.Release|iPhone.Build.0 = Release|iPhone
		{245EB1BB-6029-442E-8459-273138744D4C}.Release|iPhone.Deploy.0 = Release|iPhone
		{245EB1BB-6029-442E-8459-273138744D4C}.Release|iPhoneSimulator.ActiveCfg = Release|iPhoneSimulator
		{245EB1BB-6029-442E-8459-273138744D4C}.Release|iPhoneSimulator.Build.0 = Release|iPhoneSimulator
		{245EB1BB-6029-442E-8459-273138744D4C}.Release|iPhoneSimulator.Deploy.0 = Release|iPhoneSimulator
		{245EB1BB-6029-442E-8459-273138744D4C}.Release|x64.ActiveCfg = Release|iPhone
		{245EB1BB-6029-442E-8459-273138744D4C}.Release|x64.Build.0 = Release|iPhone
		{245EB1BB-6029-442E-8459-273138744D4C}.Release|x64.Deploy.0 = Release|iPhone
		{245EB1BB-6029-442E-8459-273138744D4C}.Release|x86.ActiveCfg = Release|iPhone
		{245EB1BB-6029-442E-8459-273138744D4C}.Release|x86.Build.0 = Release|iPhone
		{245EB1BB-6029-442E-8459-273138744D4C}.Release|x86.Deploy.0 = Release|iPhone
		{20107C08-4902-4787-992F-74A5967B15D4}.Ad-Hoc|Any CPU.ActiveCfg = Release|x86
		{20107C08-4902-4787-992F-74A5967B15D4}.Ad-Hoc|Any CPU.Build.0 = Release|x86
		{20107C08-4902-4787-992F-74A5967B15D4}.Ad-Hoc|Any CPU.Deploy.0 = Release|x86
		{20107C08-4902-4787-992F-74A5967B15D4}.Ad-Hoc|ARM.ActiveCfg = Release|ARM
		{20107C08-4902-4787-992F-74A5967B15D4}.Ad-Hoc|ARM.Build.0 = Release|ARM
		{20107C08-4902-4787-992F-74A5967B15D4}.Ad-Hoc|ARM.Deploy.0 = Release|ARM
		{20107C08-4902-4787-992F-74A5967B15D4}.Ad-Hoc|iPhone.ActiveCfg = Release|x86
		{20107C08-4902-4787-992F-74A5967B15D4}.Ad-Hoc|iPhone.Build.0 = Release|x86
		{20107C08-4902-4787-992F-74A5967B15D4}.Ad-Hoc|iPhone.Deploy.0 = Release|x86
		{20107C08-4902-4787-992F-74A5967B15D4}.Ad-Hoc|iPhoneSimulator.ActiveCfg = Release|x86
		{20107C08-4902-4787-992F-74A5967B15D4}.Ad-Hoc|iPhoneSimulator.Build.0 = Release|x86
		{20107C08-4902-4787-992F-74A5967B15D4}.Ad-Hoc|iPhoneSimulator.Deploy.0 = Release|x86
		{20107C08-4902-4787-992F-74A5967B15D4}.Ad-Hoc|x64.ActiveCfg = Release|x64
		{20107C08-4902-4787-992F-74A5967B15D4}.Ad-Hoc|x64.Build.0 = Release|x64
		{20107C08-4902-4787-992F-74A5967B15D4}.Ad-Hoc|x64.Deploy.0 = Release|x64
		{20107C08-4902-4787-992F-74A5967B15D4}.Ad-Hoc|x86.ActiveCfg = Release|x86
		{20107C08-4902-4787-992F-74A5967B15D4}.Ad-Hoc|x86.Build.0 = Release|x86
		{20107C08-4902-4787-992F-74A5967B15D4}.Ad-Hoc|x86.Deploy.0 = Release|x86
		{20107C08-4902-4787-992F-74A5967B15D4}.AppStore|Any CPU.ActiveCfg = Release|x86
		{20107C08-4902-4787-992F-74A5967B15D4}.AppStore|Any CPU.Build.0 = Release|x86
		{20107C08-4902-4787-992F-74A5967B15D4}.AppStore|Any CPU.Deploy.0 = Release|x86
		{20107C08-4902-4787-992F-74A5967B15D4}.AppStore|ARM.ActiveCfg = Release|ARM
		{20107C08-4902-4787-992F-74A5967B15D4}.AppStore|ARM.Build.0 = Release|ARM
		{20107C08-4902-4787-992F-74A5967B15D4}.AppStore|ARM.Deploy.0 = Release|ARM
		{20107C08-4902-4787-992F-74A5967B15D4}.AppStore|iPhone.ActiveCfg = Release|x86
		{20107C08-4902-4787-992F-74A5967B15D4}.AppStore|iPhone.Build.0 = Release|x86
		{20107C08-4902-4787-992F-74A5967B15D4}.AppStore|iPhone.Deploy.0 = Release|x86
		{20107C08-4902-4787-992F-74A5967B15D4}.AppStore|iPhoneSimulator.ActiveCfg = Release|x86
		{20107C08-4902-4787-992F-74A5967B15D4}.AppStore|iPhoneSimulator.Build.0 = Release|x86
		{20107C08-4902-4787-992F-74A5967B15D4}.AppStore|iPhoneSimulator.Deploy.0 = Release|x86
		{20107C08-4902-4787-992F-74A5967B15D4}.AppStore|x64.ActiveCfg = Release|x64
		{20107C08-4902-4787-992F-74A5967B15D4}.AppStore|x64.Build.0 = Release|x64
		{20107C08-4902-4787-992F-74A5967B15D4}.AppStore|x64.Deploy.0 = Release|x64
		{20107C08-4902-4787-992F-74A5967B15D4}.AppStore|x86.ActiveCfg = Release|x86
		{20107C08-4902-4787-992F-74A5967B15D4}.AppStore|x86.Build.0 = Release|x86
		{20107C08-4902-4787-992F-74A5967B15D4}.AppStore|x86.Deploy.0 = Release|x86
		{20107C08-4902-4787-992F-74A5967B15D4}.Debug|Any CPU.ActiveCfg = Debug|x86
		{20107C08-4902-4787-992F-74A5967B15D4}.Debug|Any CPU.Build.0 = Debug|x86
		{20107C08-4902-4787-992F-74A5967B15D4}.Debug|Any CPU.Deploy.0 = Debug|x86
		{20107C08-4902-4787-992F-74A5967B15D4}.Debug|ARM.ActiveCfg = Debug|ARM
		{20107C08-4902-4787-992F-74A5967B15D4}.Debug|ARM.Build.0 = Debug|ARM
		{20107C08-4902-4787-992F-74A5967B15D4}.Debug|ARM.Deploy.0 = Debug|ARM
		{20107C08-4902-4787-992F-74A5967B15D4}.Debug|iPhone.ActiveCfg = Debug|x86
		{20107C08-4902-4787-992F-74A5967B15D4}.Debug|iPhone.Build.0 = Debug|x86
		{20107C08-4902-4787-992F-74A5967B15D4}.Debug|iPhone.Deploy.0 = Debug|x86
		{20107C08-4902-4787-992F-74A5967B15D4}.Debug|iPhoneSimulator.ActiveCfg = Debug|x86
		{20107C08-4902-4787-992F-74A5967B15D4}.Debug|iPhoneSimulator.Build.0 = Debug|x86
		{20107C08-4902-4787-992F-74A5967B15D4}.Debug|iPhoneSimulator.Deploy.0 = Debug|x86
		{20107C08-4902-4787-992F-74A5967B15D4}.Debug|x64.ActiveCfg = Debug|x64
		{20107C08-4902-4787-992F-74A5967B15D4}.Debug|x64.Build.0 = Debug|x64
		{20107C08-4902-4787-992F-74A5967B15D4}.Debug|x64.Deploy.0 = Debug|x64
		{20107C08-4902-4787-992F-74A5967B15D4}.Debug|x86.ActiveCfg = Debug|x86
		{20107C08-4902-4787-992F-74A5967B15D4}.Debug|x86.Build.0 = Debug|x86
		{20107C08-4902-4787-992F-74A5967B15D4}.Debug|x86.Deploy.0 = Debug|x86
		{20107C08-4902-4787-992F-74A5967B15D4}.Release|Any CPU.ActiveCfg = Release|x86
		{20107C08-4902-4787-992F-74A5967B15D4}.Release|Any CPU.Build.0 = Release|x86
		{20107C08-4902-4787-992F-74A5967B15D4}.Release|Any CPU.Deploy.0 = Release|x86
		{20107C08-4902-4787-992F-74A5967B15D4}.Release|ARM.ActiveCfg = Release|ARM
		{20107C08-4902-4787-992F-74A5967B15D4}.Release|ARM.Build.0 = Release|ARM
		{20107C08-4902-4787-992F-74A5967B15D4}.Release|ARM.Deploy.0 = Release|ARM
		{20107C08-4902-4787-992F-74A5967B15D4}.Release|iPhone.ActiveCfg = Release|x86
		{20107C08-4902-4787-992F-74A5967B15D4}.Release|iPhone.Build.0 = Release|x86
		{20107C08-4902-4787-992F-74A5967B15D4}.Release|iPhone.Deploy.0 = Release|x86
		{20107C08-4902-4787-992F-74A5967B15D4}.Release|iPhoneSimulator.ActiveCfg = Release|x86
		{20107C08-4902-4787-992F-74A5967B15D4}.Release|iPhoneSimulator.Build.0 = Release|x86
		{20107C08-4902-4787-992F-74A5967B15D4}.Release|iPhoneSimulator.Deploy.0 = Release|x86
		{20107C08-4902-4787-992F-74A5967B15D4}.Release|x64.ActiveCfg = Release|x64
		{20107C08-4902-4787-992F-74A5967B15D4}.Release|x64.Build.0 = Release|x64
		{20107C08-4902-4787-992F-74A5967B15D4}.Release|x64.Deploy.0 = Release|x64
		{20107C08-4902-4787-992F-74A5967B15D4}.Release|x86.ActiveCfg = Release|x86
		{20107C08-4902-4787-992F-74A5967B15D4}.Release|x86.Build.0 = Release|x86
		{20107C08-4902-4787-992F-74A5967B15D4}.Release|x86.Deploy.0 = Release|x86
		{D5575BE7-13D2-4270-A1D1-8A331160F549}.Ad-Hoc|Any CPU.ActiveCfg = Debug|Any CPU
		{D5575BE7-13D2-4270-A1D1-8A331160F549}.Ad-Hoc|Any CPU.Build.0 = Debug|Any CPU
		{D5575BE7-13D2-4270-A1D1-8A331160F549}.Ad-Hoc|Any CPU.Deploy.0 = Debug|Any CPU
		{D5575BE7-13D2-4270-A1D1-8A331160F549}.Ad-Hoc|ARM.ActiveCfg = Debug|Any CPU
		{D5575BE7-13D2-4270-A1D1-8A331160F549}.Ad-Hoc|ARM.Build.0 = Debug|Any CPU
		{D5575BE7-13D2-4270-A1D1-8A331160F549}.Ad-Hoc|ARM.Deploy.0 = Debug|Any CPU
		{D5575BE7-13D2-4270-A1D1-8A331160F549}.Ad-Hoc|iPhone.ActiveCfg = Debug|Any CPU
		{D5575BE7-13D2-4270-A1D1-8A331160F549}.Ad-Hoc|iPhone.Build.0 = Debug|Any CPU
		{D5575BE7-13D2-4270-A1D1-8A331160F549}.Ad-Hoc|iPhone.Deploy.0 = Debug|Any CPU
		{D5575BE7-13D2-4270-A1D1-8A331160F549}.Ad-Hoc|iPhoneSimulator.ActiveCfg = Debug|Any CPU
		{D5575BE7-13D2-4270-A1D1-8A331160F549}.Ad-Hoc|iPhoneSimulator.Build.0 = Debug|Any CPU
		{D5575BE7-13D2-4270-A1D1-8A331160F549}.Ad-Hoc|iPhoneSimulator.Deploy.0 = Debug|Any CPU
		{D5575BE7-13D2-4270-A1D1-8A331160F549}.Ad-Hoc|x64.ActiveCfg = Debug|Any CPU
		{D5575BE7-13D2-4270-A1D1-8A331160F549}.Ad-Hoc|x64.Build.0 = Debug|Any CPU
		{D5575BE7-13D2-4270-A1D1-8A331160F549}.Ad-Hoc|x64.Deploy.0 = Debug|Any CPU
		{D5575BE7-13D2-4270-A1D1-8A331160F549}.Ad-Hoc|x86.ActiveCfg = Debug|Any CPU
		{D5575BE7-13D2-4270-A1D1-8A331160F549}.Ad-Hoc|x86.Build.0 = Debug|Any CPU
		{D5575BE7-13D2-4270-A1D1-8A331160F549}.Ad-Hoc|x86.Deploy.0 = Debug|Any CPU
		{D5575BE7-13D2-4270-A1D1-8A331160F549}.AppStore|Any CPU.ActiveCfg = Debug|Any CPU
		{D5575BE7-13D2-4270-A1D1-8A331160F549}.AppStore|Any CPU.Build.0 = Debug|Any CPU
		{D5575BE7-13D2-4270-A1D1-8A331160F549}.AppStore|Any CPU.Deploy.0 = Debug|Any CPU
		{D5575BE7-13D2-4270-A1D1-8A331160F549}.AppStore|ARM.ActiveCfg = Debug|Any CPU
		{D5575BE7-13D2-4270-A1D1-8A331160F549}.AppStore|ARM.Build.0 = Debug|Any CPU
		{D5575BE7-13D2-4270-A1D1-8A331160F549}.AppStore|ARM.Deploy.0 = Debug|Any CPU
		{D5575BE7-13D2-4270-A1D1-8A331160F549}.AppStore|iPhone.ActiveCfg = Debug|Any CPU
		{D5575BE7-13D2-4270-A1D1-8A331160F549}.AppStore|iPhone.Build.0 = Debug|Any CPU
		{D5575BE7-13D2-4270-A1D1-8A331160F549}.AppStore|iPhone.Deploy.0 = Debug|Any CPU
		{D5575BE7-13D2-4270-A1D1-8A331160F549}.AppStore|iPhoneSimulator.ActiveCfg = Debug|Any CPU
		{D5575BE7-13D2-4270-A1D1-8A331160F549}.AppStore|iPhoneSimulator.Build.0 = Debug|Any CPU
		{D5575BE7-13D2-4270-A1D1-8A331160F549}.AppStore|iPhoneSimulator.Deploy.0 = Debug|Any CPU
		{D5575BE7-13D2-4270-A1D1-8A331160F549}.AppStore|x64.ActiveCfg = Debug|Any CPU
		{D5575BE7-13D2-4270-A1D1-8A331160F549}.AppStore|x64.Build.0 = Debug|Any CPU
		{D5575BE7-13D2-4270-A1D1-8A331160F549}.AppStore|x64.Deploy.0 = Debug|Any CPU
		{D5575BE7-13D2-4270-A1D1-8A331160F549}.AppStore|x86.ActiveCfg = Debug|Any CPU
		{D5575BE7-13D2-4270-A1D1-8A331160F549}.AppStore|x86.Build.0 = Debug|Any CPU
		{D5575BE7-13D2-4270-A1D1-8A331160F549}.AppStore|x86.Deploy.0 = Debug|Any CPU
		{D5575BE7-13D2-4270-A1D1-8A331160F549}.Debug|Any CPU.ActiveCfg = Debug|Any CPU
		{D5575BE7-13D2-4270-A1D1-8A331160F549}.Debug|Any CPU.Build.0 = Debug|Any CPU
		{D5575BE7-13D2-4270-A1D1-8A331160F549}.Debug|Any CPU.Deploy.0 = Debug|Any CPU
		{D5575BE7-13D2-4270-A1D1-8A331160F549}.Debug|ARM.ActiveCfg = Debug|Any CPU
		{D5575BE7-13D2-4270-A1D1-8A331160F549}.Debug|ARM.Build.0 = Debug|Any CPU
		{D5575BE7-13D2-4270-A1D1-8A331160F549}.Debug|ARM.Deploy.0 = Debug|Any CPU
		{D5575BE7-13D2-4270-A1D1-8A331160F549}.Debug|iPhone.ActiveCfg = Debug|Any CPU
		{D5575BE7-13D2-4270-A1D1-8A331160F549}.Debug|iPhone.Build.0 = Debug|Any CPU
		{D5575BE7-13D2-4270-A1D1-8A331160F549}.Debug|iPhone.Deploy.0 = Debug|Any CPU
		{D5575BE7-13D2-4270-A1D1-8A331160F549}.Debug|iPhoneSimulator.ActiveCfg = Debug|Any CPU
		{D5575BE7-13D2-4270-A1D1-8A331160F549}.Debug|iPhoneSimulator.Build.0 = Debug|Any CPU
		{D5575BE7-13D2-4270-A1D1-8A331160F549}.Debug|iPhoneSimulator.Deploy.0 = Debug|Any CPU
		{D5575BE7-13D2-4270-A1D1-8A331160F549}.Debug|x64.ActiveCfg = Debug|Any CPU
		{D5575BE7-13D2-4270-A1D1-8A331160F549}.Debug|x64.Build.0 = Debug|Any CPU
		{D5575BE7-13D2-4270-A1D1-8A331160F549}.Debug|x64.Deploy.0 = Debug|Any CPU
		{D5575BE7-13D2-4270-A1D1-8A331160F549}.Debug|x86.ActiveCfg = Debug|Any CPU
		{D5575BE7-13D2-4270-A1D1-8A331160F549}.Debug|x86.Build.0 = Debug|Any CPU
		{D5575BE7-13D2-4270-A1D1-8A331160F549}.Debug|x86.Deploy.0 = Debug|Any CPU
		{D5575BE7-13D2-4270-A1D1-8A331160F549}.Release|Any CPU.ActiveCfg = Release|Any CPU
		{D5575BE7-13D2-4270-A1D1-8A331160F549}.Release|Any CPU.Build.0 = Release|Any CPU
		{D5575BE7-13D2-4270-A1D1-8A331160F549}.Release|Any CPU.Deploy.0 = Release|Any CPU
		{D5575BE7-13D2-4270-A1D1-8A331160F549}.Release|ARM.ActiveCfg = Release|Any CPU
		{D5575BE7-13D2-4270-A1D1-8A331160F549}.Release|ARM.Build.0 = Release|Any CPU
		{D5575BE7-13D2-4270-A1D1-8A331160F549}.Release|ARM.Deploy.0 = Release|Any CPU
		{D5575BE7-13D2-4270-A1D1-8A331160F549}.Release|iPhone.ActiveCfg = Release|Any CPU
		{D5575BE7-13D2-4270-A1D1-8A331160F549}.Release|iPhone.Build.0 = Release|Any CPU
		{D5575BE7-13D2-4270-A1D1-8A331160F549}.Release|iPhone.Deploy.0 = Release|Any CPU
		{D5575BE7-13D2-4270-A1D1-8A331160F549}.Release|iPhoneSimulator.ActiveCfg = Release|Any CPU
		{D5575BE7-13D2-4270-A1D1-8A331160F549}.Release|iPhoneSimulator.Build.0 = Release|Any CPU
		{D5575BE7-13D2-4270-A1D1-8A331160F549}.Release|iPhoneSimulator.Deploy.0 = Release|Any CPU
		{D5575BE7-13D2-4270-A1D1-8A331160F549}.Release|x64.ActiveCfg = Release|Any CPU
		{D5575BE7-13D2-4270-A1D1-8A331160F549}.Release|x64.Build.0 = Release|Any CPU
		{D5575BE7-13D2-4270-A1D1-8A331160F549}.Release|x64.Deploy.0 = Release|Any CPU
		{D5575BE7-13D2-4270-A1D1-8A331160F549}.Release|x86.ActiveCfg = Release|Any CPU
		{D5575BE7-13D2-4270-A1D1-8A331160F549}.Release|x86.Build.0 = Release|Any CPU
		{D5575BE7-13D2-4270-A1D1-8A331160F549}.Release|x86.Deploy.0 = Release|Any CPU
	EndGlobalSection
	GlobalSection(SolutionProperties) = preSolution
		HideSolutionNode = FALSE
	EndGlobalSection
	GlobalSection(ExtensibilityGlobals) = postSolution
		SolutionGuid = {7A31545C-69E5-4629-8A31-2A4456B43C9C}
	EndGlobalSection
EndGlobal
